
Microsoft Visual Studio Solution File, Format Version 12.00
# Visual Studio 2013
VisualStudioVersion = 12.0.31101.0
MinimumVisualStudioVersion = 10.0.40219.1
Project("{2150E333-8FDC-42A3-9474-1A3956D46DE8}") = "Ace", "Ace", "{91E2C9E3-4EC7-4AB8-BC20-FF7C0A239763}"
EndProject
Project("{FAE04EC0-301F-11D3-BF4B-00C04F79EFBC}") = "Ace", "Ace\Ace.csproj", "{C7DFA311-7C0C-4EB0-802E-B4D11043D54B}"
EndProject
Project("{FAE04EC0-301F-11D3-BF4B-00C04F79EFBC}") = "Chloe.Application", "Chloe.Application\Chloe.Application.csproj", "{C55C4F5E-C6E5-463D-96F8-5D8B17782621}"
EndProject
Project("{FAE04EC0-301F-11D3-BF4B-00C04F79EFBC}") = "Chloe.Data", "Chloe.Data\Chloe.Data.csproj", "{C026C0CD-F724-4CF8-93A1-30A06B595577}"
EndProject
Project("{FAE04EC0-301F-11D3-BF4B-00C04F79EFBC}") = "Chloe.Home", "Chloe.Home\Chloe.Home.csproj", "{620A8B90-B6CF-4EC8-B889-B138190A90A2}"
EndProject
Project("{FAE04EC0-301F-11D3-BF4B-00C04F79EFBC}") = "Chloe.Entities", "Chloe.Entities\Chloe.Entities.csproj", "{7B3BE7CE-4CE4-44D7-95CB-935E9DDE67D7}"
EndProject
Project("{FAE04EC0-301F-11D3-BF4B-00C04F79EFBC}") = "Ace.Web.Mvc", "Ace.Web.Mvc\Ace.Web.Mvc.csproj", "{9149EE48-8D73-4349-97BF-4CCC099FFCB2}"
EndProject
Project("{FAE04EC0-301F-11D3-BF4B-00C04F79EFBC}") = "Ace.Web", "Ace.Web\Ace.Web.csproj", "{5D39F703-FEAF-4144-8716-223F7A044A83}"
EndProject
Project("{FAE04EC0-301F-11D3-BF4B-00C04F79EFBC}") = "Chloe.Admin", "Chloe.Admin\Chloe.Admin.csproj", "{5BA16694-9079-4055-9CF8-6EE7368D83E5}"
EndProject
Project("{2150E333-8FDC-42A3-9474-1A3956D46DE8}") = "Web", "Web", "{41E40640-D62B-49F3-8D5A-753918F3648F}"
EndProject
Project("{2150E333-8FDC-42A3-9474-1A3956D46DE8}") = "Data", "Data", "{7A807EE4-F4F2-4176-AD2D-282EABD96124}"
EndProject
Project("{2150E333-8FDC-42A3-9474-1A3956D46DE8}") = "Application", "Application", "{49CA3808-C7FA-4615-BE94-A0DE393AA944}"
EndProject
Global
	GlobalSection(SolutionConfigurationPlatforms) = preSolution
		Debug|Any CPU = Debug|Any CPU
		Release|Any CPU = Release|Any CPU
	EndGlobalSection
	GlobalSection(ProjectConfigurationPlatforms) = postSolution
		{C7DFA311-7C0C-4EB0-802E-B4D11043D54B}.Debug|Any CPU.ActiveCfg = Debug|Any CPU
		{C7DFA311-7C0C-4EB0-802E-B4D11043D54B}.Debug|Any CPU.Build.0 = Debug|Any CPU
		{C7DFA311-7C0C-4EB0-802E-B4D11043D54B}.Release|Any CPU.ActiveCfg = Release|Any CPU
		{C7DFA311-7C0C-4EB0-802E-B4D11043D54B}.Release|Any CPU.Build.0 = Release|Any CPU
		{C55C4F5E-C6E5-463D-96F8-5D8B17782621}.Debug|Any CPU.ActiveCfg = Debug|Any CPU
		{C55C4F5E-C6E5-463D-96F8-5D8B17782621}.Debug|Any CPU.Build.0 = Debug|Any CPU
		{C55C4F5E-C6E5-463D-96F8-5D8B17782621}.Release|Any CPU.ActiveCfg = Release|Any CPU
		{C55C4F5E-C6E5-463D-96F8-5D8B17782621}.Release|Any CPU.Build.0 = Release|Any CPU
		{C026C0CD-F724-4CF8-93A1-30A06B595577}.Debug|Any CPU.ActiveCfg = Debug|Any CPU
		{C026C0CD-F724-4CF8-93A1-30A06B595577}.Debug|Any CPU.Build.0 = Debug|Any CPU
		{C026C0CD-F724-4CF8-93A1-30A06B595577}.Release|Any CPU.ActiveCfg = Release|Any CPU
		{C026C0CD-F724-4CF8-93A1-30A06B595577}.Release|Any CPU.Build.0 = Release|Any CPU
		{620A8B90-B6CF-4EC8-B889-B138190A90A2}.Debug|Any CPU.ActiveCfg = Debug|Any CPU
		{620A8B90-B6CF-4EC8-B889-B138190A90A2}.Debug|Any CPU.Build.0 = Debug|Any CPU
		{620A8B90-B6CF-4EC8-B889-B138190A90A2}.Release|Any CPU.ActiveCfg = Release|Any CPU
		{620A8B90-B6CF-4EC8-B889-B138190A90A2}.Release|Any CPU.Build.0 = Release|Any CPU
		{7B3BE7CE-4CE4-44D7-95CB-935E9DDE67D7}.Debug|Any CPU.ActiveCfg = Debug|Any CPU
		{7B3BE7CE-4CE4-44D7-95CB-935E9DDE67D7}.Debug|Any CPU.Build.0 = Debug|Any CPU
		{7B3BE7CE-4CE4-44D7-95CB-935E9DDE67D7}.Release|Any CPU.ActiveCfg = Release|Any CPU
		{7B3BE7CE-4CE4-44D7-95CB-935E9DDE67D7}.Release|Any CPU.Build.0 = Release|Any CPU
		{9149EE48-8D73-4349-97BF-4CCC099FFCB2}.Debug|Any CPU.ActiveCfg = Debug|Any CPU
		{9149EE48-8D73-4349-97BF-4CCC099FFCB2}.Debug|Any CPU.Build.0 = Debug|Any CPU
		{9149EE48-8D73-4349-97BF-4CCC099FFCB2}.Release|Any CPU.ActiveCfg = Release|Any CPU
		{9149EE48-8D73-4349-97BF-4CCC099FFCB2}.Release|Any CPU.Build.0 = Release|Any CPU
		{5D39F703-FEAF-4144-8716-223F7A044A83}.Debug|Any CPU.ActiveCfg = Debug|Any CPU
		{5D39F703-FEAF-4144-8716-223F7A044A83}.Debug|Any CPU.Build.0 = Debug|Any CPU
		{5D39F703-FEAF-4144-8716-223F7A044A83}.Release|Any CPU.ActiveCfg = Release|Any CPU
		{5D39F703-FEAF-4144-8716-223F7A044A83}.Release|Any CPU.Build.0 = Release|Any CPU
		{5BA16694-9079-4055-9CF8-6EE7368D83E5}.Debug|Any CPU.ActiveCfg = Debug|Any CPU
		{5BA16694-9079-4055-9CF8-6EE7368D83E5}.Debug|Any CPU.Build.0 = Debug|Any CPU
		{5BA16694-9079-4055-9CF8-6EE7368D83E5}.Release|Any CPU.ActiveCfg = Release|Any CPU
		{5BA16694-9079-4055-9CF8-6EE7368D83E5}.Release|Any CPU.Build.0 = Release|Any CPU
	EndGlobalSection
	GlobalSection(SolutionProperties) = preSolution
		HideSolutionNode = FALSE
	EndGlobalSection
	GlobalSection(NestedProjects) = preSolution
		{C7DFA311-7C0C-4EB0-802E-B4D11043D54B} = {91E2C9E3-4EC7-4AB8-BC20-FF7C0A239763}
		{C55C4F5E-C6E5-463D-96F8-5D8B17782621} = {49CA3808-C7FA-4615-BE94-A0DE393AA944}
		{C026C0CD-F724-4CF8-93A1-30A06B595577} = {7A807EE4-F4F2-4176-AD2D-282EABD96124}
		{620A8B90-B6CF-4EC8-B889-B138190A90A2} = {41E40640-D62B-49F3-8D5A-753918F3648F}
		{7B3BE7CE-4CE4-44D7-95CB-935E9DDE67D7} = {7A807EE4-F4F2-4176-AD2D-282EABD96124}
		{9149EE48-8D73-4349-97BF-4CCC099FFCB2} = {91E2C9E3-4EC7-4AB8-BC20-FF7C0A239763}
		{5D39F703-FEAF-4144-8716-223F7A044A83} = {91E2C9E3-4EC7-4AB8-BC20-FF7C0A239763}
		{5BA16694-9079-4055-9CF8-6EE7368D83E5} = {41E40640-D62B-49F3-8D5A-753918F3648F}
	EndGlobalSection
EndGlobal
