
Microsoft Visual Studio Solution File, Format Version 12.00
# Visual Studio 15
VisualStudioVersion = 15.0.26730.10
MinimumVisualStudioVersion = 10.0.40219.1
Project("{2150E333-8FDC-42A3-9474-1A3956D46DE8}") = "Ace", "Ace", "{C4B52D5E-52EC-4769-A22F-8CB9C3A5C12B}"
EndProject
Project("{9A19103F-16F7-4668-BE54-9A1E7A4F7556}") = "Ace", "Ace\Ace.csproj", "{4F87D14B-FBCA-4E4F-B700-8BCF58002FA3}"
EndProject
Project("{9A19103F-16F7-4668-BE54-9A1E7A4F7556}") = "Ace.Web", "Ace.Web\Ace.Web.csproj", "{5416BE2D-8078-4BFD-9794-6FF1651F7830}"
EndProject
Project("{9A19103F-16F7-4668-BE54-9A1E7A4F7556}") = "Ace.Web.Mvc", "Ace.Web.Mvc\Ace.Web.Mvc.csproj", "{AC606BEA-6FA6-493D-8015-25938BA24B52}"
EndProject
Project("{2150E333-8FDC-42A3-9474-1A3956D46DE8}") = "Application", "Application", "{D97314AF-12AA-46A2-95D9-54627F06867B}"
EndProject
Project("{2150E333-8FDC-42A3-9474-1A3956D46DE8}") = "Data", "Data", "{A6781CD1-B328-41B1-9D4B-F1184A8E256D}"
EndProject
Project("{2150E333-8FDC-42A3-9474-1A3956D46DE8}") = "Web", "Web", "{D397A894-336E-4C78-9E5F-208542E90059}"
EndProject
Project("{9A19103F-16F7-4668-BE54-9A1E7A4F7556}") = "Chloe.Admin", "Chloe.Admin\Chloe.Admin.csproj", "{76EEDB1E-D1C7-4F0F-9ED0-516B7AAB1213}"
EndProject
Project("{9A19103F-16F7-4668-BE54-9A1E7A4F7556}") = "DotNetEx", "DotNetEx\DotNetEx.csproj", "{378468E1-4605-4590-9445-5998F5D5DDC5}"
EndProject
Project("{9A19103F-16F7-4668-BE54-9A1E7A4F7556}") = "Ace.Application", "Ace.Application\Ace.Application.csproj", "{F52AE72A-AB75-4CF2-BBD0-2A74816EFC16}"
EndProject
Project("{9A19103F-16F7-4668-BE54-9A1E7A4F7556}") = "Ace.Data", "Ace.Data\Ace.Data.csproj", "{7DF7289A-5D60-44B5-95E1-0F599841ED6B}"
EndProject
Project("{9A19103F-16F7-4668-BE54-9A1E7A4F7556}") = "Ace.Application.System", "Ace.Application.System\Ace.Application.System.csproj", "{34F6B56E-8EF4-4CCD-9C2D-9BB7C8BE3424}"
EndProject
Project("{9A19103F-16F7-4668-BE54-9A1E7A4F7556}") = "Ace.Entity", "Ace.Entity\Ace.Entity.csproj", "{98E830AD-D639-40B9-9ECC-8BDAD0CA5F97}"
EndProject
Project("{9A19103F-16F7-4668-BE54-9A1E7A4F7556}") = "Ace.Entity.Wiki", "Ace.Entity.Wiki\Ace.Entity.Wiki.csproj", "{098EF34C-23F7-4F9B-80F0-165DF1F88F76}"
EndProject
Project("{9A19103F-16F7-4668-BE54-9A1E7A4F7556}") = "Ace.Application.Wiki", "Ace.Application.Wiki\Ace.Application.Wiki.csproj", "{24D66045-750A-4639-AD26-6DE4053EF82B}"
EndProject
Project("{9A19103F-16F7-4668-BE54-9A1E7A4F7556}") = "Ace.AutoMapper", "Ace.AutoMapper\Ace.AutoMapper.csproj", "{A8C154BD-3B97-41DB-B9B1-0B0BB6862DE8}"
EndProject
Project("{9A19103F-16F7-4668-BE54-9A1E7A4F7556}") = "Chloe.Home", "Chloe.Home\Chloe.Home.csproj", "{6660BA51-6653-47BE-A19C-49A38BDD18DD}"
EndProject
Global
	GlobalSection(SolutionConfigurationPlatforms) = preSolution
		Debug|Any CPU = Debug|Any CPU
		Release|Any CPU = Release|Any CPU
	EndGlobalSection
	GlobalSection(ProjectConfigurationPlatforms) = postSolution
		{4F87D14B-FBCA-4E4F-B700-8BCF58002FA3}.Debug|Any CPU.ActiveCfg = Debug|Any CPU
		{4F87D14B-FBCA-4E4F-B700-8BCF58002FA3}.Debug|Any CPU.Build.0 = Debug|Any CPU
		{4F87D14B-FBCA-4E4F-B700-8BCF58002FA3}.Release|Any CPU.ActiveCfg = Release|Any CPU
		{4F87D14B-FBCA-4E4F-B700-8BCF58002FA3}.Release|Any CPU.Build.0 = Release|Any CPU
		{5416BE2D-8078-4BFD-9794-6FF1651F7830}.Debug|Any CPU.ActiveCfg = Debug|Any CPU
		{5416BE2D-8078-4BFD-9794-6FF1651F7830}.Debug|Any CPU.Build.0 = Debug|Any CPU
		{5416BE2D-8078-4BFD-9794-6FF1651F7830}.Release|Any CPU.ActiveCfg = Release|Any CPU
		{5416BE2D-8078-4BFD-9794-6FF1651F7830}.Release|Any CPU.Build.0 = Release|Any CPU
		{AC606BEA-6FA6-493D-8015-25938BA24B52}.Debug|Any CPU.ActiveCfg = Debug|Any CPU
		{AC606BEA-6FA6-493D-8015-25938BA24B52}.Debug|Any CPU.Build.0 = Debug|Any CPU
		{AC606BEA-6FA6-493D-8015-25938BA24B52}.Release|Any CPU.ActiveCfg = Release|Any CPU
		{AC606BEA-6FA6-493D-8015-25938BA24B52}.Release|Any CPU.Build.0 = Release|Any CPU
		{76EEDB1E-D1C7-4F0F-9ED0-516B7AAB1213}.Debug|Any CPU.ActiveCfg = Debug|Any CPU
		{76EEDB1E-D1C7-4F0F-9ED0-516B7AAB1213}.Debug|Any CPU.Build.0 = Debug|Any CPU
		{76EEDB1E-D1C7-4F0F-9ED0-516B7AAB1213}.Release|Any CPU.ActiveCfg = Release|Any CPU
		{76EEDB1E-D1C7-4F0F-9ED0-516B7AAB1213}.Release|Any CPU.Build.0 = Release|Any CPU
		{378468E1-4605-4590-9445-5998F5D5DDC5}.Debug|Any CPU.ActiveCfg = Debug|Any CPU
		{378468E1-4605-4590-9445-5998F5D5DDC5}.Debug|Any CPU.Build.0 = Debug|Any CPU
		{378468E1-4605-4590-9445-5998F5D5DDC5}.Release|Any CPU.ActiveCfg = Release|Any CPU
		{378468E1-4605-4590-9445-5998F5D5DDC5}.Release|Any CPU.Build.0 = Release|Any CPU
		{F52AE72A-AB75-4CF2-BBD0-2A74816EFC16}.Debug|Any CPU.ActiveCfg = Debug|Any CPU
		{F52AE72A-AB75-4CF2-BBD0-2A74816EFC16}.Debug|Any CPU.Build.0 = Debug|Any CPU
		{F52AE72A-AB75-4CF2-BBD0-2A74816EFC16}.Release|Any CPU.ActiveCfg = Release|Any CPU
		{F52AE72A-AB75-4CF2-BBD0-2A74816EFC16}.Release|Any CPU.Build.0 = Release|Any CPU
		{7DF7289A-5D60-44B5-95E1-0F599841ED6B}.Debug|Any CPU.ActiveCfg = Debug|Any CPU
		{7DF7289A-5D60-44B5-95E1-0F599841ED6B}.Debug|Any CPU.Build.0 = Debug|Any CPU
		{7DF7289A-5D60-44B5-95E1-0F599841ED6B}.Release|Any CPU.ActiveCfg = Release|Any CPU
		{7DF7289A-5D60-44B5-95E1-0F599841ED6B}.Release|Any CPU.Build.0 = Release|Any CPU
		{34F6B56E-8EF4-4CCD-9C2D-9BB7C8BE3424}.Debug|Any CPU.ActiveCfg = Debug|Any CPU
		{34F6B56E-8EF4-4CCD-9C2D-9BB7C8BE3424}.Debug|Any CPU.Build.0 = Debug|Any CPU
		{34F6B56E-8EF4-4CCD-9C2D-9BB7C8BE3424}.Release|Any CPU.ActiveCfg = Release|Any CPU
		{34F6B56E-8EF4-4CCD-9C2D-9BB7C8BE3424}.Release|Any CPU.Build.0 = Release|Any CPU
		{98E830AD-D639-40B9-9ECC-8BDAD0CA5F97}.Debug|Any CPU.ActiveCfg = Debug|Any CPU
		{98E830AD-D639-40B9-9ECC-8BDAD0CA5F97}.Debug|Any CPU.Build.0 = Debug|Any CPU
		{98E830AD-D639-40B9-9ECC-8BDAD0CA5F97}.Release|Any CPU.ActiveCfg = Release|Any CPU
		{98E830AD-D639-40B9-9ECC-8BDAD0CA5F97}.Release|Any CPU.Build.0 = Release|Any CPU
		{098EF34C-23F7-4F9B-80F0-165DF1F88F76}.Debug|Any CPU.ActiveCfg = Debug|Any CPU
		{098EF34C-23F7-4F9B-80F0-165DF1F88F76}.Debug|Any CPU.Build.0 = Debug|Any CPU
		{098EF34C-23F7-4F9B-80F0-165DF1F88F76}.Release|Any CPU.ActiveCfg = Release|Any CPU
		{098EF34C-23F7-4F9B-80F0-165DF1F88F76}.Release|Any CPU.Build.0 = Release|Any CPU
		{24D66045-750A-4639-AD26-6DE4053EF82B}.Debug|Any CPU.ActiveCfg = Debug|Any CPU
		{24D66045-750A-4639-AD26-6DE4053EF82B}.Debug|Any CPU.Build.0 = Debug|Any CPU
		{24D66045-750A-4639-AD26-6DE4053EF82B}.Release|Any CPU.ActiveCfg = Release|Any CPU
		{24D66045-750A-4639-AD26-6DE4053EF82B}.Release|Any CPU.Build.0 = Release|Any CPU
		{A8C154BD-3B97-41DB-B9B1-0B0BB6862DE8}.Debug|Any CPU.ActiveCfg = Debug|Any CPU
		{A8C154BD-3B97-41DB-B9B1-0B0BB6862DE8}.Debug|Any CPU.Build.0 = Debug|Any CPU
		{A8C154BD-3B97-41DB-B9B1-0B0BB6862DE8}.Release|Any CPU.ActiveCfg = Release|Any CPU
		{A8C154BD-3B97-41DB-B9B1-0B0BB6862DE8}.Release|Any CPU.Build.0 = Release|Any CPU
		{6660BA51-6653-47BE-A19C-49A38BDD18DD}.Debug|Any CPU.ActiveCfg = Debug|Any CPU
		{6660BA51-6653-47BE-A19C-49A38BDD18DD}.Debug|Any CPU.Build.0 = Debug|Any CPU
		{6660BA51-6653-47BE-A19C-49A38BDD18DD}.Release|Any CPU.ActiveCfg = Release|Any CPU
		{6660BA51-6653-47BE-A19C-49A38BDD18DD}.Release|Any CPU.Build.0 = Release|Any CPU
	EndGlobalSection
	GlobalSection(SolutionProperties) = preSolution
		HideSolutionNode = FALSE
	EndGlobalSection
	GlobalSection(NestedProjects) = preSolution
		{4F87D14B-FBCA-4E4F-B700-8BCF58002FA3} = {C4B52D5E-52EC-4769-A22F-8CB9C3A5C12B}
		{5416BE2D-8078-4BFD-9794-6FF1651F7830} = {C4B52D5E-52EC-4769-A22F-8CB9C3A5C12B}
		{AC606BEA-6FA6-493D-8015-25938BA24B52} = {C4B52D5E-52EC-4769-A22F-8CB9C3A5C12B}
		{76EEDB1E-D1C7-4F0F-9ED0-516B7AAB1213} = {D397A894-336E-4C78-9E5F-208542E90059}
		{378468E1-4605-4590-9445-5998F5D5DDC5} = {C4B52D5E-52EC-4769-A22F-8CB9C3A5C12B}
		{F52AE72A-AB75-4CF2-BBD0-2A74816EFC16} = {D97314AF-12AA-46A2-95D9-54627F06867B}
		{7DF7289A-5D60-44B5-95E1-0F599841ED6B} = {A6781CD1-B328-41B1-9D4B-F1184A8E256D}
		{34F6B56E-8EF4-4CCD-9C2D-9BB7C8BE3424} = {D97314AF-12AA-46A2-95D9-54627F06867B}
		{98E830AD-D639-40B9-9ECC-8BDAD0CA5F97} = {A6781CD1-B328-41B1-9D4B-F1184A8E256D}
		{098EF34C-23F7-4F9B-80F0-165DF1F88F76} = {A6781CD1-B328-41B1-9D4B-F1184A8E256D}
		{24D66045-750A-4639-AD26-6DE4053EF82B} = {D97314AF-12AA-46A2-95D9-54627F06867B}
		{A8C154BD-3B97-41DB-B9B1-0B0BB6862DE8} = {C4B52D5E-52EC-4769-A22F-8CB9C3A5C12B}
		{6660BA51-6653-47BE-A19C-49A38BDD18DD} = {D397A894-336E-4C78-9E5F-208542E90059}
	EndGlobalSection
	GlobalSection(ExtensibilityGlobals) = postSolution
		SolutionGuid = {1B3F1B11-BAF8-4D0E-B2B6-C062975612E4}
	EndGlobalSection
EndGlobal
